
Microsoft Visual Studio Solution File, Format Version 12.00
# Visual Studio 14
VisualStudioVersion = 14.0.24720.0
MinimumVisualStudioVersion = 10.0.40219.1
Project("{8BC9CEB8-8B4A-11D0-8D11-00A0C91BC942}") = "VHDApp", "VHDApp.vcxproj", "{98FA58B1-9DF7-4F71-A29D-0A421B9DBD0C}"
EndProject
Project("{8BC9CEB8-8B4A-11D0-8D11-00A0C91BC942}") = "VHD", "C:\Studia\PNPZ\VHD\VHD.vcxproj", "{997EB50D-4EB8-4287-B7F0-2EA37CD1FDA4}"
EndProject
Project("{8BC9CEB8-8B4A-11D0-8D11-00A0C91BC942}") = "Test", "..\Test\Test.vcxproj", "{099C2E12-657C-4CE7-8D6B-8512F8007737}"
EndProject
Global
	GlobalSection(SolutionConfigurationPlatforms) = preSolution
		Debug|x64 = Debug|x64
		Debug|x86 = Debug|x86
		Release|x64 = Release|x64
		Release|x86 = Release|x86
	EndGlobalSection
	GlobalSection(ProjectConfigurationPlatforms) = postSolution
		{98FA58B1-9DF7-4F71-A29D-0A421B9DBD0C}.Debug|x64.ActiveCfg = Debug|x64
		{98FA58B1-9DF7-4F71-A29D-0A421B9DBD0C}.Debug|x64.Build.0 = Debug|x64
		{98FA58B1-9DF7-4F71-A29D-0A421B9DBD0C}.Debug|x86.ActiveCfg = Debug|Win32
		{98FA58B1-9DF7-4F71-A29D-0A421B9DBD0C}.Debug|x86.Build.0 = Debug|Win32
		{98FA58B1-9DF7-4F71-A29D-0A421B9DBD0C}.Release|x64.ActiveCfg = Release|x64
		{98FA58B1-9DF7-4F71-A29D-0A421B9DBD0C}.Release|x64.Build.0 = Release|x64
		{98FA58B1-9DF7-4F71-A29D-0A421B9DBD0C}.Release|x86.ActiveCfg = Release|Win32
		{98FA58B1-9DF7-4F71-A29D-0A421B9DBD0C}.Release|x86.Build.0 = Release|Win32
		{997EB50D-4EB8-4287-B7F0-2EA37CD1FDA4}.Debug|x64.ActiveCfg = Debug|x64
		{997EB50D-4EB8-4287-B7F0-2EA37CD1FDA4}.Debug|x64.Build.0 = Debug|x64
		{997EB50D-4EB8-4287-B7F0-2EA37CD1FDA4}.Debug|x86.ActiveCfg = Debug|Win32
		{997EB50D-4EB8-4287-B7F0-2EA37CD1FDA4}.Debug|x86.Build.0 = Debug|Win32
		{997EB50D-4EB8-4287-B7F0-2EA37CD1FDA4}.Release|x64.ActiveCfg = Release|x64
		{997EB50D-4EB8-4287-B7F0-2EA37CD1FDA4}.Release|x64.Build.0 = Release|x64
		{997EB50D-4EB8-4287-B7F0-2EA37CD1FDA4}.Release|x86.ActiveCfg = Release|Win32
		{997EB50D-4EB8-4287-B7F0-2EA37CD1FDA4}.Release|x86.Build.0 = Release|Win32
		{099C2E12-657C-4CE7-8D6B-8512F8007737}.Debug|x64.ActiveCfg = Debug|x64
		{099C2E12-657C-4CE7-8D6B-8512F8007737}.Debug|x64.Build.0 = Debug|x64
		{099C2E12-657C-4CE7-8D6B-8512F8007737}.Debug|x86.ActiveCfg = Debug|Win32
		{099C2E12-657C-4CE7-8D6B-8512F8007737}.Debug|x86.Build.0 = Debug|Win32
		{099C2E12-657C-4CE7-8D6B-8512F8007737}.Release|x64.ActiveCfg = Release|x64
		{099C2E12-657C-4CE7-8D6B-8512F8007737}.Release|x64.Build.0 = Release|x64
		{099C2E12-657C-4CE7-8D6B-8512F8007737}.Release|x86.ActiveCfg = Release|Win32
		{099C2E12-657C-4CE7-8D6B-8512F8007737}.Release|x86.Build.0 = Release|Win32
	EndGlobalSection
	GlobalSection(SolutionProperties) = preSolution
		HideSolutionNode = FALSE
	EndGlobalSection
EndGlobal
